
Microsoft Visual Studio Solution File, Format Version 12.00
# Visual Studio Version 17
VisualStudioVersion = 17.7.34031.279
MinimumVisualStudioVersion = 10.0.40219.1
Project("{888888A0-9F3D-457C-B088-3A5042F75D52}") = "3KLSC-PRAC07-PILA PHYTON", "3KLSC-PRAC07-PILA PHYTON\3KLSC-PRAC07-PILA PHYTON.pyproj", "{08002566-55CD-48AE-B51D-A00D5450F906}"
EndProject
Global
	GlobalSection(SolutionConfigurationPlatforms) = preSolution
		Debug|Any CPU = Debug|Any CPU
		Release|Any CPU = Release|Any CPU
	EndGlobalSection
	GlobalSection(ProjectConfigurationPlatforms) = postSolution
		{08002566-55CD-48AE-B51D-A00D5450F906}.Debug|Any CPU.ActiveCfg = Debug|Any CPU
		{08002566-55CD-48AE-B51D-A00D5450F906}.Release|Any CPU.ActiveCfg = Release|Any CPU
	EndGlobalSection
	GlobalSection(SolutionProperties) = preSolution
		HideSolutionNode = FALSE
	EndGlobalSection
	GlobalSection(ExtensibilityGlobals) = postSolution
		SolutionGuid = {68AC4B4A-5B31-4280-96A1-F500FB9B862B}
	EndGlobalSection
EndGlobal
